
Microsoft Visual Studio Solution File, Format Version 12.00
# Visual Studio 15
VisualStudioVersion = 15.0.28307.271
MinimumVisualStudioVersion = 10.0.40219.1
Project("{FAE04EC0-301F-11D3-BF4B-00C04F79EFBC}") = "proyecto1", "proyecto1\proyecto1.csproj", "{927F6032-0A1F-4A41-B3F3-4C0B1FC51ED2}"
EndProject
Global
	GlobalSection(SolutionConfigurationPlatforms) = preSolution
		Debug|Any CPU = Debug|Any CPU
		Release|Any CPU = Release|Any CPU
	EndGlobalSection
	GlobalSection(ProjectConfigurationPlatforms) = postSolution
		{927F6032-0A1F-4A41-B3F3-4C0B1FC51ED2}.Debug|Any CPU.ActiveCfg = Debug|Any CPU
		{927F6032-0A1F-4A41-B3F3-4C0B1FC51ED2}.Debug|Any CPU.Build.0 = Debug|Any CPU
		{927F6032-0A1F-4A41-B3F3-4C0B1FC51ED2}.Release|Any CPU.ActiveCfg = Release|Any CPU
		{927F6032-0A1F-4A41-B3F3-4C0B1FC51ED2}.Release|Any CPU.Build.0 = Release|Any CPU
	EndGlobalSection
	GlobalSection(SolutionProperties) = preSolution
		HideSolutionNode = FALSE
	EndGlobalSection
	GlobalSection(ExtensibilityGlobals) = postSolution
		SolutionGuid = {A0E90107-DC1D-496F-B0FE-1BAF3A644AC4}
	EndGlobalSection
EndGlobal
